// !$*UTF8*$!
{
	archiveVersion = 1;
	classes = {
	};
	objectVersion = 55;
	objects = {

/* Begin PBXBuildFile section */
		6FAFBAFE27167F8700D53753 /* AppDelegate.swift in Sources */ = {isa = PBXBuildFile; fileRef = 6FAFBAFD27167F8700D53753 /* AppDelegate.swift */; };
		6FAFBB0027167F8700D53753 /* SceneDelegate.swift in Sources */ = {isa = PBXBuildFile; fileRef = 6FAFBAFF27167F8700D53753 /* SceneDelegate.swift */; };
		6FAFBB0227167F8700D53753 /* ViewController.swift in Sources */ = {isa = PBXBuildFile; fileRef = 6FAFBB0127167F8700D53753 /* ViewController.swift */; };
		6FAFBB0527167F8700D53753 /* Main.storyboard in Resources */ = {isa = PBXBuildFile; fileRef = 6FAFBB0327167F8700D53753 /* Main.storyboard */; };
		6FAFBB0727167F8A00D53753 /* Assets.xcassets in Resources */ = {isa = PBXBuildFile; fileRef = 6FAFBB0627167F8A00D53753 /* Assets.xcassets */; };
		6FAFBB0A27167F8A00D53753 /* LaunchScreen.storyboard in Resources */ = {isa = PBXBuildFile; fileRef = 6FAFBB0827167F8A00D53753 /* LaunchScreen.storyboard */; };
		6FAFBB142716823B00D53753 /* SnapKit in Frameworks */ = {isa = PBXBuildFile; productRef = 6FAFBB132716823B00D53753 /* SnapKit */; };
		6FAFBB1A2716830F00D53753 /* QuizViewController+Logic.swift in Sources */ = {isa = PBXBuildFile; fileRef = 6FAFBB152716830E00D53753 /* QuizViewController+Logic.swift */; };
		6FAFBB1B2716830F00D53753 /* QuizViewController.swift in Sources */ = {isa = PBXBuildFile; fileRef = 6FAFBB162716830E00D53753 /* QuizViewController.swift */; };
		6FAFBB1C2716830F00D53753 /* State.swift in Sources */ = {isa = PBXBuildFile; fileRef = 6FAFBB172716830E00D53753 /* State.swift */; };
		6FAFBB1D2716830F00D53753 /* QuizViewController+Constraints.swift in Sources */ = {isa = PBXBuildFile; fileRef = 6FAFBB182716830F00D53753 /* QuizViewController+Constraints.swift */; };
		6FAFBB1E2716830F00D53753 /* Questions.swift in Sources */ = {isa = PBXBuildFile; fileRef = 6FAFBB192716830F00D53753 /* Questions.swift */; };
/* End PBXBuildFile section */

/* Begin PBXFileReference section */
		6FAFBAFA27167F8700D53753 /* swift-044-snapkit_constraints.app */ = {isa = PBXFileReference; explicitFileType = wrapper.application; includeInIndex = 0; path = "swift-044-snapkit_constraints.app"; sourceTree = BUILT_PRODUCTS_DIR; };
		6FAFBAFD27167F8700D53753 /* AppDelegate.swift */ = {isa = PBXFileReference; lastKnownFileType = sourcecode.swift; path = AppDelegate.swift; sourceTree = "<group>"; };
		6FAFBAFF27167F8700D53753 /* SceneDelegate.swift */ = {isa = PBXFileReference; lastKnownFileType = sourcecode.swift; path = SceneDelegate.swift; sourceTree = "<group>"; };
		6FAFBB0127167F8700D53753 /* ViewController.swift */ = {isa = PBXFileReference; lastKnownFileType = sourcecode.swift; path = ViewController.swift; sourceTree = "<group>"; };
		6FAFBB0427167F8700D53753 /* Base */ = {isa = PBXFileReference; lastKnownFileType = file.storyboard; name = Base; path = Base.lproj/Main.storyboard; sourceTree = "<group>"; };
		6FAFBB0627167F8A00D53753 /* Assets.xcassets */ = {isa = PBXFileReference; lastKnownFileType = folder.assetcatalog; path = Assets.xcassets; sourceTree = "<group>"; };
		6FAFBB0927167F8A00D53753 /* Base */ = {isa = PBXFileReference; lastKnownFileType = file.storyboard; name = Base; path = Base.lproj/LaunchScreen.storyboard; sourceTree = "<group>"; };
		6FAFBB0B27167F8A00D53753 /* Info.plist */ = {isa = PBXFileReference; lastKnownFileType = text.plist.xml; path = Info.plist; sourceTree = "<group>"; };
		6FAFBB112716817F00D53753 /* README.md */ = {isa = PBXFileReference; lastKnownFileType = net.daringfireball.markdown; path = README.md; sourceTree = "<group>"; };
		6FAFBB152716830E00D53753 /* QuizViewController+Logic.swift */ = {isa = PBXFileReference; fileEncoding = 4; lastKnownFileType = sourcecode.swift; path = "QuizViewController+Logic.swift"; sourceTree = "<group>"; };
		6FAFBB162716830E00D53753 /* QuizViewController.swift */ = {isa = PBXFileReference; fileEncoding = 4; lastKnownFileType = sourcecode.swift; path = QuizViewController.swift; sourceTree = "<group>"; };
		6FAFBB172716830E00D53753 /* State.swift */ = {isa = PBXFileReference; fileEncoding = 4; lastKnownFileType = sourcecode.swift; path = State.swift; sourceTree = "<group>"; };
		6FAFBB182716830F00D53753 /* QuizViewController+Constraints.swift */ = {isa = PBXFileReference; fileEncoding = 4; lastKnownFileType = sourcecode.swift; path = "QuizViewController+Constraints.swift"; sourceTree = "<group>"; };
		6FAFBB192716830F00D53753 /* Questions.swift */ = {isa = PBXFileReference; fileEncoding = 4; lastKnownFileType = sourcecode.swift; path = Questions.swift; sourceTree = "<group>"; };
/* End PBXFileReference section */

/* Begin PBXFrameworksBuildPhase section */
		6FAFBAF727167F8700D53753 /* Frameworks */ = {
			isa = PBXFrameworksBuildPhase;
			buildActionMask = 2147483647;
			files = (
				6FAFBB142716823B00D53753 /* SnapKit in Frameworks */,
			);
			runOnlyForDeploymentPostprocessing = 0;
		};
/* End PBXFrameworksBuildPhase section */

/* Begin PBXGroup section */
		6FAFBAF127167F8700D53753 = {
			isa = PBXGroup;
			children = (
				6FAFBB112716817F00D53753 /* README.md */,
				6FAFBAFC27167F8700D53753 /* swift-044-snapkit_constraints */,
				6FAFBAFB27167F8700D53753 /* Products */,
			);
			sourceTree = "<group>";
		};
		6FAFBAFB27167F8700D53753 /* Products */ = {
			isa = PBXGroup;
			children = (
				6FAFBAFA27167F8700D53753 /* swift-044-snapkit_constraints.app */,
			);
			name = Products;
			sourceTree = "<group>";
		};
		6FAFBAFC27167F8700D53753 /* swift-044-snapkit_constraints */ = {
			isa = PBXGroup;
			children = (
				6FAFBAFD27167F8700D53753 /* AppDelegate.swift */,
				6FAFBAFF27167F8700D53753 /* SceneDelegate.swift */,
				6FAFBB0127167F8700D53753 /* ViewController.swift */,
				6FAFBB192716830F00D53753 /* Questions.swift */,
				6FAFBB172716830E00D53753 /* State.swift */,
				6FAFBB162716830E00D53753 /* QuizViewController.swift */,
				6FAFBB182716830F00D53753 /* QuizViewController+Constraints.swift */,
				6FAFBB152716830E00D53753 /* QuizViewController+Logic.swift */,
				6FAFBB0327167F8700D53753 /* Main.storyboard */,
				6FAFBB0627167F8A00D53753 /* Assets.xcassets */,
				6FAFBB0827167F8A00D53753 /* LaunchScreen.storyboard */,
				6FAFBB0B27167F8A00D53753 /* Info.plist */,
			);
			path = "swift-044-snapkit_constraints";
			sourceTree = "<group>";
		};
/* End PBXGroup section */

/* Begin PBXNativeTarget section */
		6FAFBAF927167F8700D53753 /* swift-044-snapkit_constraints */ = {
			isa = PBXNativeTarget;
			buildConfigurationList = 6FAFBB0E27167F8A00D53753 /* Build configuration list for PBXNativeTarget "swift-044-snapkit_constraints" */;
			buildPhases = (
				6FAFBAF627167F8700D53753 /* Sources */,
				6FAFBAF727167F8700D53753 /* Frameworks */,
				6FAFBAF827167F8700D53753 /* Resources */,
			);
			buildRules = (
			);
			dependencies = (
			);
			name = "swift-044-snapkit_constraints";
			packageProductDependencies = (
				6FAFBB132716823B00D53753 /* SnapKit */,
			);
			productName = "swift-044-snapkit_constraints";
			productReference = 6FAFBAFA27167F8700D53753 /* swift-044-snapkit_constraints.app */;
			productType = "com.apple.product-type.application";
		};
/* End PBXNativeTarget section */

/* Begin PBXProject section */
		6FAFBAF227167F8700D53753 /* Project object */ = {
			isa = PBXProject;
			attributes = {
				BuildIndependentTargetsInParallel = 1;
				LastSwiftUpdateCheck = 1300;
				LastUpgradeCheck = 1300;
				TargetAttributes = {
					6FAFBAF927167F8700D53753 = {
						CreatedOnToolsVersion = 13.0;
					};
				};
			};
			buildConfigurationList = 6FAFBAF527167F8700D53753 /* Build configuration list for PBXProject "swift-044-snapkit_constraints" */;
			compatibilityVersion = "Xcode 13.0";
			developmentRegion = en;
			hasScannedForEncodings = 0;
			knownRegions = (
				en,
				Base,
			);
			mainGroup = 6FAFBAF127167F8700D53753;
			packageReferences = (
				6FAFBB122716823B00D53753 /* XCRemoteSwiftPackageReference "SnapKit" */,
			);
			productRefGroup = 6FAFBAFB27167F8700D53753 /* Products */;
			projectDirPath = "";
			projectRoot = "";
			targets = (
				6FAFBAF927167F8700D53753 /* swift-044-snapkit_constraints */,
			);
		};
/* End PBXProject section */

/* Begin PBXResourcesBuildPhase section */
		6FAFBAF827167F8700D53753 /* Resources */ = {
			isa = PBXResourcesBuildPhase;
			buildActionMask = 2147483647;
			files = (
				6FAFBB0A27167F8A00D53753 /* LaunchScreen.storyboard in Resources */,
				6FAFBB0727167F8A00D53753 /* Assets.xcassets in Resources */,
				6FAFBB0527167F8700D53753 /* Main.storyboard in Resources */,
			);
			runOnlyForDeploymentPostprocessing = 0;
		};
/* End PBXResourcesBuildPhase section */

/* Begin PBXSourcesBuildPhase section */
		6FAFBAF627167F8700D53753 /* Sources */ = {
			isa = PBXSourcesBuildPhase;
			buildActionMask = 2147483647;
			files = (
				6FAFBB0227167F8700D53753 /* ViewController.swift in Sources */,
				6FAFBB1B2716830F00D53753 /* QuizViewController.swift in Sources */,
				6FAFBAFE27167F8700D53753 /* AppDelegate.swift in Sources */,
				6FAFBB1D2716830F00D53753 /* QuizViewController+Constraints.swift in Sources */,
				6FAFBB1A2716830F00D53753 /* QuizViewController+Logic.swift in Sources */,
				6FAFBB1E2716830F00D53753 /* Questions.swift in Sources */,
				6FAFBB0027167F8700D53753 /* SceneDelegate.swift in Sources */,
				6FAFBB1C2716830F00D53753 /* State.swift in Sources */,
			);
			runOnlyForDeploymentPostprocessing = 0;
		};
/* End PBXSourcesBuildPhase section */

/* Begin PBXVariantGroup section */
		6FAFBB0327167F8700D53753 /* Main.storyboard */ = {
			isa = PBXVariantGroup;
			children = (
				6FAFBB0427167F8700D53753 /* Base */,
			);
			name = Main.storyboard;
			sourceTree = "<group>";
		};
		6FAFBB0827167F8A00D53753 /* LaunchScreen.storyboard */ = {
			isa = PBXVariantGroup;
			children = (
				6FAFBB0927167F8A00D53753 /* Base */,
			);
			name = LaunchScreen.storyboard;
			sourceTree = "<group>";
		};
/* End PBXVariantGroup section */

/* Begin XCBuildConfiguration section */
		6FAFBB0C27167F8A00D53753 /* Debug */ = {
			isa = XCBuildConfiguration;
			buildSettings = {
				ALWAYS_SEARCH_USER_PATHS = NO;
				CLANG_ANALYZER_NONNULL = YES;
				CLANG_ANALYZER_NUMBER_OBJECT_CONVERSION = YES_AGGRESSIVE;
				CLANG_CXX_LANGUAGE_STANDARD = "gnu++17";
				CLANG_CXX_LIBRARY = "libc++";
				CLANG_ENABLE_MODULES = YES;
				CLANG_ENABLE_OBJC_ARC = YES;
				CLANG_ENABLE_OBJC_WEAK = YES;
				CLANG_WARN_BLOCK_CAPTURE_AUTORELEASING = YES;
				CLANG_WARN_BOOL_CONVERSION = YES;
				CLANG_WARN_COMMA = YES;
				CLANG_WARN_CONSTANT_CONVERSION = YES;
				CLANG_WARN_DEPRECATED_OBJC_IMPLEMENTATIONS = YES;
				CLANG_WARN_DIRECT_OBJC_ISA_USAGE = YES_ERROR;
				CLANG_WARN_DOCUMENTATION_COMMENTS = YES;
				CLANG_WARN_EMPTY_BODY = YES;
				CLANG_WARN_ENUM_CONVERSION = YES;
				CLANG_WARN_INFINITE_RECURSION = YES;
				CLANG_WARN_INT_CONVERSION = YES;
				CLANG_WARN_NON_LITERAL_NULL_CONVERSION = YES;
				CLANG_WARN_OBJC_IMPLICIT_RETAIN_SELF = YES;
				CLANG_WARN_OBJC_LITERAL_CONVERSION = YES;
				CLANG_WARN_OBJC_ROOT_CLASS = YES_ERROR;
				CLANG_WARN_QUOTED_INCLUDE_IN_FRAMEWORK_HEADER = YES;
				CLANG_WARN_RANGE_LOOP_ANALYSIS = YES;
				CLANG_WARN_STRICT_PROTOTYPES = YES;
				CLANG_WARN_SUSPICIOUS_MOVE = YES;
				CLANG_WARN_UNGUARDED_AVAILABILITY = YES_AGGRESSIVE;
				CLANG_WARN_UNREACHABLE_CODE = YES;
				CLANG_WARN__DUPLICATE_METHOD_MATCH = YES;
				COPY_PHASE_STRIP = NO;
				DEBUG_INFORMATION_FORMAT = dwarf;
				ENABLE_STRICT_OBJC_MSGSEND = YES;
				ENABLE_TESTABILITY = YES;
				GCC_C_LANGUAGE_STANDARD = gnu11;
				GCC_DYNAMIC_NO_PIC = NO;
				GCC_NO_COMMON_BLOCKS = YES;
				GCC_OPTIMIZATION_LEVEL = 0;
				GCC_PREPROCESSOR_DEFINITIONS = (
					"DEBUG=1",
					"$(inherited)",
				);
				GCC_WARN_64_TO_32_BIT_CONVERSION = YES;
				GCC_WARN_ABOUT_RETURN_TYPE = YES_ERROR;
				GCC_WARN_UNDECLARED_SELECTOR = YES;
				GCC_WARN_UNINITIALIZED_AUTOS = YES_AGGRESSIVE;
				GCC_WARN_UNUSED_FUNCTION = YES;
				GCC_WARN_UNUSED_VARIABLE = YES;
				IPHONEOS_DEPLOYMENT_TARGET = 15.0;
				MTL_ENABLE_DEBUG_INFO = INCLUDE_SOURCE;
				MTL_FAST_MATH = YES;
				ONLY_ACTIVE_ARCH = YES;
				SDKROOT = iphoneos;
				SWIFT_ACTIVE_COMPILATION_CONDITIONS = DEBUG;
				SWIFT_OPTIMIZATION_LEVEL = "-Onone";
			};
			name = Debug;
		};
		6FAFBB0D27167F8A00D53753 /* Release */ = {
			isa = XCBuildConfiguration;
			buildSettings = {
				ALWAYS_SEARCH_USER_PATHS = NO;
				CLANG_ANALYZER_NONNULL = YES;
				CLANG_ANALYZER_NUMBER_OBJECT_CONVERSION = YES_AGGRESSIVE;
				CLANG_CXX_LANGUAGE_STANDARD = "gnu++17";
				CLANG_CXX_LIBRARY = "libc++";
				CLANG_ENABLE_MODULES = YES;
				CLANG_ENABLE_OBJC_ARC = YES;
				CLANG_ENABLE_OBJC_WEAK = YES;
				CLANG_WARN_BLOCK_CAPTURE_AUTORELEASING = YES;
				CLANG_WARN_BOOL_CONVERSION = YES;
				CLANG_WARN_COMMA = YES;
				CLANG_WARN_CONSTANT_CONVERSION = YES;
				CLANG_WARN_DEPRECATED_OBJC_IMPLEMENTATIONS = YES;
				CLANG_WARN_DIRECT_OBJC_ISA_USAGE = YES_ERROR;
				CLANG_WARN_DOCUMENTATION_COMMENTS = YES;
				CLANG_WARN_EMPTY_BODY = YES;
				CLANG_WARN_ENUM_CONVERSION = YES;
				CLANG_WARN_INFINITE_RECURSION = YES;
				CLANG_WARN_INT_CONVERSION = YES;
				CLANG_WARN_NON_LITERAL_NULL_CONVERSION = YES;
				CLANG_WARN_OBJC_IMPLICIT_RETAIN_SELF = YES;
				CLANG_WARN_OBJC_LITERAL_CONVERSION = YES;
				CLANG_WARN_OBJC_ROOT_CLASS = YES_ERROR;
				CLANG_WARN_QUOTED_INCLUDE_IN_FRAMEWORK_HEADER = YES;
				CLANG_WARN_RANGE_LOOP_ANALYSIS = YES;
				CLANG_WARN_STRICT_PROTOTYPES = YES;
				CLANG_WARN_SUSPICIOUS_MOVE = YES;
				CLANG_WARN_UNGUARDED_AVAILABILITY = YES_AGGRESSIVE;
				CLANG_WARN_UNREACHABLE_CODE = YES;
				CLANG_WARN__DUPLICATE_METHOD_MATCH = YES;
				COPY_PHASE_STRIP = NO;
				DEBUG_INFORMATION_FORMAT = "dwarf-with-dsym";
				ENABLE_NS_ASSERTIONS = NO;
				ENABLE_STRICT_OBJC_MSGSEND = YES;
				GCC_C_LANGUAGE_STANDARD = gnu11;
				GCC_NO_COMMON_BLOCKS = YES;
				GCC_WARN_64_TO_32_BIT_CONVERSION = YES;
				GCC_WARN_ABOUT_RETURN_TYPE = YES_ERROR;
				GCC_WARN_UNDECLARED_SELECTOR = YES;
				GCC_WARN_UNINITIALIZED_AUTOS = YES_AGGRESSIVE;
				GCC_WARN_UNUSED_FUNCTION = YES;
				GCC_WARN_UNUSED_VARIABLE = YES;
				IPHONEOS_DEPLOYMENT_TARGET = 15.0;
				MTL_ENABLE_DEBUG_INFO = NO;
				MTL_FAST_MATH = YES;
				SDKROOT = iphoneos;
				SWIFT_COMPILATION_MODE = wholemodule;
				SWIFT_OPTIMIZATION_LEVEL = "-O";
				VALIDATE_PRODUCT = YES;
			};
			name = Release;
		};
		6FAFBB0F27167F8A00D53753 /* Debug */ = {
			isa = XCBuildConfiguration;
			buildSettings = {
				ASSETCATALOG_COMPILER_APPICON_NAME = AppIcon;
				ASSETCATALOG_COMPILER_GLOBAL_ACCENT_COLOR_NAME = AccentColor;
				CODE_SIGN_STYLE = Automatic;
				CURRENT_PROJECT_VERSION = 1;
				DEVELOPMENT_TEAM = K328B98U3F;
				GENERATE_INFOPLIST_FILE = YES;
				INFOPLIST_FILE = "swift-044-snapkit_constraints/Info.plist";
				INFOPLIST_KEY_UIApplicationSupportsIndirectInputEvents = YES;
				INFOPLIST_KEY_UILaunchStoryboardName = LaunchScreen;
				INFOPLIST_KEY_UIMainStoryboardFile = Main;
				INFOPLIST_KEY_UISupportedInterfaceOrientations_iPad = "UIInterfaceOrientationPortrait UIInterfaceOrientationPortraitUpsideDown UIInterfaceOrientationLandscapeLeft UIInterfaceOrientationLandscapeRight";
				INFOPLIST_KEY_UISupportedInterfaceOrientations_iPhone = "UIInterfaceOrientationPortrait UIInterfaceOrientationLandscapeLeft UIInterfaceOrientationLandscapeRight";
				LD_RUNPATH_SEARCH_PATHS = (
					"$(inherited)",
					"@executable_path/Frameworks",
				);
				MARKETING_VERSION = 1.0;
				PRODUCT_BUNDLE_IDENTIFIER = "Marsala.swift-044-snapkit-constraints";
				PRODUCT_NAME = "$(TARGET_NAME)";
				SWIFT_EMIT_LOC_STRINGS = YES;
				SWIFT_VERSION = 5.0;
				TARGETED_DEVICE_FAMILY = "1,2";
			};
			name = Debug;
		};
		6FAFBB1027167F8A00D53753 /* Release */ = {
			isa = XCBuildConfiguration;
			buildSettings = {
				ASSETCATALOG_COMPILER_APPICON_NAME = AppIcon;
				ASSETCATALOG_COMPILER_GLOBAL_ACCENT_COLOR_NAME = AccentColor;
				CODE_SIGN_STYLE = Automatic;
				CURRENT_PROJECT_VERSION = 1;
				DEVELOPMENT_TEAM = K328B98U3F;
				GENERATE_INFOPLIST_FILE = YES;
				INFOPLIST_FILE = "swift-044-snapkit_constraints/Info.plist";
				INFOPLIST_KEY_UIApplicationSupportsIndirectInputEvents = YES;
				INFOPLIST_KEY_UILaunchStoryboardName = LaunchScreen;
				INFOPLIST_KEY_UIMainStoryboardFile = Main;
				INFOPLIST_KEY_UISupportedInterfaceOrientations_iPad = "UIInterfaceOrientationPortrait UIInterfaceOrientationPortraitUpsideDown UIInterfaceOrientationLandscapeLeft UIInterfaceOrientationLandscapeRight";
				INFOPLIST_KEY_UISupportedInterfaceOrientations_iPhone = "UIInterfaceOrientationPortrait UIInterfaceOrientationLandscapeLeft UIInterfaceOrientationLandscapeRight";
				LD_RUNPATH_SEARCH_PATHS = (
					"$(inherited)",
					"@executable_path/Frameworks",
				);
				MARKETING_VERSION = 1.0;
				PRODUCT_BUNDLE_IDENTIFIER = "Marsala.swift-044-snapkit-constraints";
				PRODUCT_NAME = "$(TARGET_NAME)";
				SWIFT_EMIT_LOC_STRINGS = YES;
				SWIFT_VERSION = 5.0;
				TARGETED_DEVICE_FAMILY = "1,2";
			};
			name = Release;
		};
/* End XCBuildConfiguration section */

/* Begin XCConfigurationList section */
		6FAFBAF527167F8700D53753 /* Build configuration list for PBXProject "swift-044-snapkit_constraints" */ = {
			isa = XCConfigurationList;
			buildConfigurations = (
				6FAFBB0C27167F8A00D53753 /* Debug */,
				6FAFBB0D27167F8A00D53753 /* Release */,
			);
			defaultConfigurationIsVisible = 0;
			defaultConfigurationName = Release;
		};
		6FAFBB0E27167F8A00D53753 /* Build configuration list for PBXNativeTarget "swift-044-snapkit_constraints" */ = {
			isa = XCConfigurationList;
			buildConfigurations = (
				6FAFBB0F27167F8A00D53753 /* Debug */,
				6FAFBB1027167F8A00D53753 /* Release */,
			);
			defaultConfigurationIsVisible = 0;
			defaultConfigurationName = Release;
		};
/* End XCConfigurationList section */

/* Begin XCRemoteSwiftPackageReference section */
		6FAFBB122716823B00D53753 /* XCRemoteSwiftPackageReference "SnapKit" */ = {
			isa = XCRemoteSwiftPackageReference;
			repositoryURL = "https://github.com/SnapKit/SnapKit";
			requirement = {
				kind = upToNextMajorVersion;
				minimumVersion = 5.0.0;
			};
		};
/* End XCRemoteSwiftPackageReference section */

/* Begin XCSwiftPackageProductDependency section */
		6FAFBB132716823B00D53753 /* SnapKit */ = {
			isa = XCSwiftPackageProductDependency;
			package = 6FAFBB122716823B00D53753 /* XCRemoteSwiftPackageReference "SnapKit" */;
			productName = SnapKit;
		};
/* End XCSwiftPackageProductDependency section */
	};
	rootObject = 6FAFBAF227167F8700D53753 /* Project object */;
}
